
Microsoft Visual Studio Solution File, Format Version 12.00
# Visual Studio Version 16
VisualStudioVersion = 16.0.809.5
MinimumVisualStudioVersion = 10.0.40219.1
Project("{FAE04EC0-301F-11D3-BF4B-00C04F79EFBC}") = "mad-lib-story-template", "mad-lib-story-template\mad-lib-story-template.csproj", "{48F20ACB-0257-4246-82FB-9D6A5CAD953C}"
EndProject
Global
	GlobalSection(SolutionConfigurationPlatforms) = preSolution
		Debug|Any CPU = Debug|Any CPU
		Release|Any CPU = Release|Any CPU
	EndGlobalSection
	GlobalSection(ProjectConfigurationPlatforms) = postSolution
		{48F20ACB-0257-4246-82FB-9D6A5CAD953C}.Debug|Any CPU.ActiveCfg = Debug|Any CPU
		{48F20ACB-0257-4246-82FB-9D6A5CAD953C}.Debug|Any CPU.Build.0 = Debug|Any CPU
		{48F20ACB-0257-4246-82FB-9D6A5CAD953C}.Release|Any CPU.ActiveCfg = Release|Any CPU
		{48F20ACB-0257-4246-82FB-9D6A5CAD953C}.Release|Any CPU.Build.0 = Release|Any CPU
	EndGlobalSection
	GlobalSection(SolutionProperties) = preSolution
		HideSolutionNode = FALSE
	EndGlobalSection
	GlobalSection(ExtensibilityGlobals) = postSolution
		SolutionGuid = {EA43EB70-D490-4C63-BB40-FDF3D8FC6FFF}
	EndGlobalSection
EndGlobal
